
Microsoft Visual Studio Solution File, Format Version 12.00
# Visual Studio Version 16
VisualStudioVersion = 16.0.31019.35
MinimumVisualStudioVersion = 10.0.40219.1
Project("{9A19103F-16F7-4668-BE54-9A1E7A4F7556}") = "Anori.ExpressionObservers", "Anori.ExpressionObservers\Anori.ExpressionObservers.csproj", "{0508DDC6-EF23-457D-8974-0CB8200C6DBD}"
EndProject
Project("{2150E333-8FDC-42A3-9474-1A3956D46DE8}") = "Source", "Source", "{F7ACE4F7-C711-42B6-96D1-06E13E761659}"
EndProject
Project("{2150E333-8FDC-42A3-9474-1A3956D46DE8}") = "Tests", "Tests", "{7B787744-DF68-49AF-89C8-B8DD0AE2A08E}"
EndProject
Project("{9A19103F-16F7-4668-BE54-9A1E7A4F7556}") = "Anori.ExpressionObservers.ConsoleTests", "..\Tests\Anori.ExpressionObservers.ConsoleTests\Anori.ExpressionObservers.ConsoleTests.csproj", "{C014B4C7-5708-45C8-8A88-90469EFA264F}"
EndProject
Project("{9A19103F-16F7-4668-BE54-9A1E7A4F7556}") = "Anori.ExpressionObservers.UnitTests", "..\Tests\Anori.ExpressionObservers.UnitTests\Anori.ExpressionObservers.UnitTests.csproj", "{D84FFB93-44E0-44A9-B94B-74BF2B7876EB}"
EndProject
Project("{2150E333-8FDC-42A3-9474-1A3956D46DE8}") = "Build Items", "Build Items", "{8AC06E84-D608-4615-A4A3-A00A56EC89D7}"
	ProjectSection(SolutionItems) = preProject
		..\.appveyor.yml = ..\.appveyor.yml
		..\.gitattributes = ..\.gitattributes
		..\.gitignore = ..\.gitignore
		..\build.ps1 = ..\build.ps1
		..\build.sh = ..\build.sh
		..\LICENSE = ..\LICENSE
		..\README.md = ..\README.md
		..\recipe.cake = ..\recipe.cake
		..\Run.cake = ..\Run.cake
		..\Run.cmd = ..\Run.cmd
		..\RunAppVeyor.cmd = ..\RunAppVeyor.cmd
	EndProjectSection
EndProject
Project("{2150E333-8FDC-42A3-9474-1A3956D46DE8}") = "Soution Items", "Soution Items", "{8D68EC6D-D06D-4979-AC83-0A90093F0D61}"
	ProjectSection(SolutionItems) = preProject
		AnoriSoft.DotSettings = AnoriSoft.DotSettings
		Anorisoft.png = Anorisoft.png
		Anorisoft.snk = Anorisoft.snk
		CodeMaid.config = CodeMaid.config
		stylecop.json = stylecop.json
	EndProjectSection
EndProject
Project("{2150E333-8FDC-42A3-9474-1A3956D46DE8}") = "Submodule", "Submodule", "{221613C9-C2BB-4707-B345-53D377E8E39F}"
EndProject
Project("{9A19103F-16F7-4668-BE54-9A1E7A4F7556}") = "Anori.Extensions", "..\Submodules\Anori.Extensions\Source\Anori.Extensions\Anori.Extensions.csproj", "{1F0F835C-F1E5-4FF3-AF5D-6261EBE36F1D}"
EndProject
Project("{2150E333-8FDC-42A3-9474-1A3956D46DE8}") = "Docs", "Docs", "{B9BA4EBD-E37A-4BE0-BDCB-B596772C6C5C}"
EndProject
Project("{9A19103F-16F7-4668-BE54-9A1E7A4F7556}") = "Anori.Common", "..\Submodules\Anori.Common\Source\Anori.Common\Anori.Common.csproj", "{0146337B-F8A7-4F1A-94DE-EE5B87727230}"
EndProject
Project("{9A19103F-16F7-4668-BE54-9A1E7A4F7556}") = "Anori", "..\Submodules\Anori.Common\Source\Anori\Anori.csproj", "{9C250161-BE34-48E5-AAC8-76F1822DAFA5}"
EndProject
Project("{9A19103F-16F7-4668-BE54-9A1E7A4F7556}") = "Anori.ExpressionGetters", "Anori.ExpressionGetter\Anori.ExpressionGetters.csproj", "{35F316E2-BB45-4CFD-964A-F279CFBAE4CC}"
EndProject
Project("{FAE04EC0-301F-11D3-BF4B-00C04F79EFBC}") = "Anori.ExpressionGetters.UnitTests", "..\Tests\Anori.ExpressionGetters.UnitTests\Anori.ExpressionGetters.UnitTests.csproj", "{F6D54EF3-9614-44E9-B812-2AF53122FCC5}"
EndProject
Global
	GlobalSection(SolutionConfigurationPlatforms) = preSolution
		Debug Submodules|Any CPU = Debug Submodules|Any CPU
		Debug|Any CPU = Debug|Any CPU
		Release Submodules|Any CPU = Release Submodules|Any CPU
		Release|Any CPU = Release|Any CPU
	EndGlobalSection
	GlobalSection(ProjectConfigurationPlatforms) = postSolution
		{0508DDC6-EF23-457D-8974-0CB8200C6DBD}.Debug Submodules|Any CPU.ActiveCfg = Debug Submodules|Any CPU
		{0508DDC6-EF23-457D-8974-0CB8200C6DBD}.Debug Submodules|Any CPU.Build.0 = Debug Submodules|Any CPU
		{0508DDC6-EF23-457D-8974-0CB8200C6DBD}.Debug|Any CPU.ActiveCfg = Debug|Any CPU
		{0508DDC6-EF23-457D-8974-0CB8200C6DBD}.Debug|Any CPU.Build.0 = Debug|Any CPU
		{0508DDC6-EF23-457D-8974-0CB8200C6DBD}.Release Submodules|Any CPU.ActiveCfg = Release|Any CPU
		{0508DDC6-EF23-457D-8974-0CB8200C6DBD}.Release Submodules|Any CPU.Build.0 = Release|Any CPU
		{0508DDC6-EF23-457D-8974-0CB8200C6DBD}.Release|Any CPU.ActiveCfg = Release|Any CPU
		{0508DDC6-EF23-457D-8974-0CB8200C6DBD}.Release|Any CPU.Build.0 = Release|Any CPU
		{C014B4C7-5708-45C8-8A88-90469EFA264F}.Debug Submodules|Any CPU.ActiveCfg = Debug Submodules|Any CPU
		{C014B4C7-5708-45C8-8A88-90469EFA264F}.Debug Submodules|Any CPU.Build.0 = Debug Submodules|Any CPU
		{C014B4C7-5708-45C8-8A88-90469EFA264F}.Debug|Any CPU.ActiveCfg = Debug|Any CPU
		{C014B4C7-5708-45C8-8A88-90469EFA264F}.Debug|Any CPU.Build.0 = Debug|Any CPU
		{C014B4C7-5708-45C8-8A88-90469EFA264F}.Release Submodules|Any CPU.ActiveCfg = Release|Any CPU
		{C014B4C7-5708-45C8-8A88-90469EFA264F}.Release Submodules|Any CPU.Build.0 = Release|Any CPU
		{C014B4C7-5708-45C8-8A88-90469EFA264F}.Release|Any CPU.ActiveCfg = Release|Any CPU
		{C014B4C7-5708-45C8-8A88-90469EFA264F}.Release|Any CPU.Build.0 = Release|Any CPU
		{D84FFB93-44E0-44A9-B94B-74BF2B7876EB}.Debug Submodules|Any CPU.ActiveCfg = Debug Submodules|Any CPU
		{D84FFB93-44E0-44A9-B94B-74BF2B7876EB}.Debug Submodules|Any CPU.Build.0 = Debug Submodules|Any CPU
		{D84FFB93-44E0-44A9-B94B-74BF2B7876EB}.Debug|Any CPU.ActiveCfg = Debug|Any CPU
		{D84FFB93-44E0-44A9-B94B-74BF2B7876EB}.Debug|Any CPU.Build.0 = Debug|Any CPU
		{D84FFB93-44E0-44A9-B94B-74BF2B7876EB}.Release Submodules|Any CPU.ActiveCfg = Release|Any CPU
		{D84FFB93-44E0-44A9-B94B-74BF2B7876EB}.Release Submodules|Any CPU.Build.0 = Release|Any CPU
		{D84FFB93-44E0-44A9-B94B-74BF2B7876EB}.Release|Any CPU.ActiveCfg = Release|Any CPU
		{1F0F835C-F1E5-4FF3-AF5D-6261EBE36F1D}.Debug Submodules|Any CPU.ActiveCfg = Debug Submodules|Any CPU
		{1F0F835C-F1E5-4FF3-AF5D-6261EBE36F1D}.Debug Submodules|Any CPU.Build.0 = Debug Submodules|Any CPU
		{1F0F835C-F1E5-4FF3-AF5D-6261EBE36F1D}.Debug|Any CPU.ActiveCfg = Debug|Any CPU
		{1F0F835C-F1E5-4FF3-AF5D-6261EBE36F1D}.Debug|Any CPU.Build.0 = Debug|Any CPU
		{1F0F835C-F1E5-4FF3-AF5D-6261EBE36F1D}.Release Submodules|Any CPU.ActiveCfg = Release Submodules|Any CPU
		{1F0F835C-F1E5-4FF3-AF5D-6261EBE36F1D}.Release Submodules|Any CPU.Build.0 = Release Submodules|Any CPU
		{1F0F835C-F1E5-4FF3-AF5D-6261EBE36F1D}.Release|Any CPU.ActiveCfg = Release|Any CPU
		{0146337B-F8A7-4F1A-94DE-EE5B87727230}.Debug Submodules|Any CPU.ActiveCfg = Debug Submodules|Any CPU
		{0146337B-F8A7-4F1A-94DE-EE5B87727230}.Debug Submodules|Any CPU.Build.0 = Debug Submodules|Any CPU
		{0146337B-F8A7-4F1A-94DE-EE5B87727230}.Debug|Any CPU.ActiveCfg = Debug|Any CPU
		{0146337B-F8A7-4F1A-94DE-EE5B87727230}.Debug|Any CPU.Build.0 = Debug|Any CPU
		{0146337B-F8A7-4F1A-94DE-EE5B87727230}.Release Submodules|Any CPU.ActiveCfg = Release Submodules|Any CPU
		{0146337B-F8A7-4F1A-94DE-EE5B87727230}.Release Submodules|Any CPU.Build.0 = Release Submodules|Any CPU
		{0146337B-F8A7-4F1A-94DE-EE5B87727230}.Release|Any CPU.ActiveCfg = Release|Any CPU
		{0146337B-F8A7-4F1A-94DE-EE5B87727230}.Release|Any CPU.Build.0 = Release|Any CPU
		{9C250161-BE34-48E5-AAC8-76F1822DAFA5}.Debug Submodules|Any CPU.ActiveCfg = Debug Submodules|Any CPU
		{9C250161-BE34-48E5-AAC8-76F1822DAFA5}.Debug Submodules|Any CPU.Build.0 = Debug Submodules|Any CPU
		{9C250161-BE34-48E5-AAC8-76F1822DAFA5}.Debug|Any CPU.ActiveCfg = Debug|Any CPU
		{9C250161-BE34-48E5-AAC8-76F1822DAFA5}.Debug|Any CPU.Build.0 = Debug|Any CPU
		{9C250161-BE34-48E5-AAC8-76F1822DAFA5}.Release Submodules|Any CPU.ActiveCfg = Release Submodules|Any CPU
		{9C250161-BE34-48E5-AAC8-76F1822DAFA5}.Release Submodules|Any CPU.Build.0 = Release Submodules|Any CPU
		{9C250161-BE34-48E5-AAC8-76F1822DAFA5}.Release|Any CPU.ActiveCfg = Release|Any CPU
		{9C250161-BE34-48E5-AAC8-76F1822DAFA5}.Release|Any CPU.Build.0 = Release|Any CPU
		{35F316E2-BB45-4CFD-964A-F279CFBAE4CC}.Debug Submodules|Any CPU.ActiveCfg = Debug|Any CPU
		{35F316E2-BB45-4CFD-964A-F279CFBAE4CC}.Debug Submodules|Any CPU.Build.0 = Debug|Any CPU
		{35F316E2-BB45-4CFD-964A-F279CFBAE4CC}.Debug|Any CPU.ActiveCfg = Debug|Any CPU
		{35F316E2-BB45-4CFD-964A-F279CFBAE4CC}.Debug|Any CPU.Build.0 = Debug|Any CPU
		{35F316E2-BB45-4CFD-964A-F279CFBAE4CC}.Release Submodules|Any CPU.ActiveCfg = Release|Any CPU
		{35F316E2-BB45-4CFD-964A-F279CFBAE4CC}.Release Submodules|Any CPU.Build.0 = Release|Any CPU
		{35F316E2-BB45-4CFD-964A-F279CFBAE4CC}.Release|Any CPU.ActiveCfg = Release|Any CPU
		{35F316E2-BB45-4CFD-964A-F279CFBAE4CC}.Release|Any CPU.Build.0 = Release|Any CPU
		{F6D54EF3-9614-44E9-B812-2AF53122FCC5}.Debug Submodules|Any CPU.ActiveCfg = Debug|Any CPU
		{F6D54EF3-9614-44E9-B812-2AF53122FCC5}.Debug Submodules|Any CPU.Build.0 = Debug|Any CPU
		{F6D54EF3-9614-44E9-B812-2AF53122FCC5}.Debug|Any CPU.ActiveCfg = Debug|Any CPU
		{F6D54EF3-9614-44E9-B812-2AF53122FCC5}.Debug|Any CPU.Build.0 = Debug|Any CPU
		{F6D54EF3-9614-44E9-B812-2AF53122FCC5}.Release Submodules|Any CPU.ActiveCfg = Release|Any CPU
		{F6D54EF3-9614-44E9-B812-2AF53122FCC5}.Release Submodules|Any CPU.Build.0 = Release|Any CPU
		{F6D54EF3-9614-44E9-B812-2AF53122FCC5}.Release|Any CPU.ActiveCfg = Release|Any CPU
		{F6D54EF3-9614-44E9-B812-2AF53122FCC5}.Release|Any CPU.Build.0 = Release|Any CPU
	EndGlobalSection
	GlobalSection(SolutionProperties) = preSolution
		HideSolutionNode = FALSE
	EndGlobalSection
	GlobalSection(NestedProjects) = preSolution
		{0508DDC6-EF23-457D-8974-0CB8200C6DBD} = {F7ACE4F7-C711-42B6-96D1-06E13E761659}
		{C014B4C7-5708-45C8-8A88-90469EFA264F} = {7B787744-DF68-49AF-89C8-B8DD0AE2A08E}
		{D84FFB93-44E0-44A9-B94B-74BF2B7876EB} = {7B787744-DF68-49AF-89C8-B8DD0AE2A08E}
		{1F0F835C-F1E5-4FF3-AF5D-6261EBE36F1D} = {221613C9-C2BB-4707-B345-53D377E8E39F}
		{0146337B-F8A7-4F1A-94DE-EE5B87727230} = {221613C9-C2BB-4707-B345-53D377E8E39F}
		{9C250161-BE34-48E5-AAC8-76F1822DAFA5} = {221613C9-C2BB-4707-B345-53D377E8E39F}
		{35F316E2-BB45-4CFD-964A-F279CFBAE4CC} = {F7ACE4F7-C711-42B6-96D1-06E13E761659}
		{F6D54EF3-9614-44E9-B812-2AF53122FCC5} = {7B787744-DF68-49AF-89C8-B8DD0AE2A08E}
	EndGlobalSection
	GlobalSection(ExtensibilityGlobals) = postSolution
		SolutionGuid = {DBA0E37C-4CB3-40D3-B84D-D374EBCEB2EB}
	EndGlobalSection
EndGlobal
